// !$*UTF8*$!
{
	archiveVersion = 1;
	classes = {
	};
	objectVersion = 46;
	objects = {

/* Begin PBXBuildFile section */
		15D647E81E21C55500506C88 /* AppDelegate.swift in Sources */ = {isa = PBXBuildFile; fileRef = 15D647E71E21C55500506C88 /* AppDelegate.swift */; };
		15D647EA1E21C55500506C88 /* TasksViewController.swift in Sources */ = {isa = PBXBuildFile; fileRef = 15D647E91E21C55500506C88 /* TasksViewController.swift */; };
		15D647ED1E21C55500506C88 /* Main.storyboard in Resources */ = {isa = PBXBuildFile; fileRef = 15D647EB1E21C55500506C88 /* Main.storyboard */; };
		15D647F01E21C55500506C88 /* Doit.xcdatamodeld in Sources */ = {isa = PBXBuildFile; fileRef = 15D647EE1E21C55500506C88 /* Doit.xcdatamodeld */; };
		15D647F21E21C55500506C88 /* Assets.xcassets in Resources */ = {isa = PBXBuildFile; fileRef = 15D647F11E21C55500506C88 /* Assets.xcassets */; };
		15D647F51E21C55500506C88 /* LaunchScreen.storyboard in Resources */ = {isa = PBXBuildFile; fileRef = 15D647F31E21C55500506C88 /* LaunchScreen.storyboard */; };
		15D647FD1E21CA0600506C88 /* Task.swift in Sources */ = {isa = PBXBuildFile; fileRef = 15D647FC1E21CA0600506C88 /* Task.swift */; };
		15D647FF1E229BF100506C88 /* CreateTaskViewController.swift in Sources */ = {isa = PBXBuildFile; fileRef = 15D647FE1E229BF100506C88 /* CreateTaskViewController.swift */; };
/* End PBXBuildFile section */

/* Begin PBXFileReference section */
		15D647E41E21C55500506C88 /* Doit.app */ = {isa = PBXFileReference; explicitFileType = wrapper.application; includeInIndex = 0; path = Doit.app; sourceTree = BUILT_PRODUCTS_DIR; };
		15D647E71E21C55500506C88 /* AppDelegate.swift */ = {isa = PBXFileReference; lastKnownFileType = sourcecode.swift; path = AppDelegate.swift; sourceTree = "<group>"; };
		15D647E91E21C55500506C88 /* TasksViewController.swift */ = {isa = PBXFileReference; lastKnownFileType = sourcecode.swift; path = TasksViewController.swift; sourceTree = "<group>"; };
		15D647EC1E21C55500506C88 /* Base */ = {isa = PBXFileReference; lastKnownFileType = file.storyboard; name = Base; path = Base.lproj/Main.storyboard; sourceTree = "<group>"; };
		15D647EF1E21C55500506C88 /* Doit.xcdatamodel */ = {isa = PBXFileReference; lastKnownFileType = wrapper.xcdatamodel; path = Doit.xcdatamodel; sourceTree = "<group>"; };
		15D647F11E21C55500506C88 /* Assets.xcassets */ = {isa = PBXFileReference; lastKnownFileType = folder.assetcatalog; path = Assets.xcassets; sourceTree = "<group>"; };
		15D647F41E21C55500506C88 /* Base */ = {isa = PBXFileReference; lastKnownFileType = file.storyboard; name = Base; path = Base.lproj/LaunchScreen.storyboard; sourceTree = "<group>"; };
		15D647F61E21C55500506C88 /* Info.plist */ = {isa = PBXFileReference; lastKnownFileType = text.plist.xml; path = Info.plist; sourceTree = "<group>"; };
		15D647FC1E21CA0600506C88 /* Task.swift */ = {isa = PBXFileReference; fileEncoding = 4; lastKnownFileType = sourcecode.swift; path = Task.swift; sourceTree = "<group>"; };
		15D647FE1E229BF100506C88 /* CreateTaskViewController.swift */ = {isa = PBXFileReference; fileEncoding = 4; lastKnownFileType = sourcecode.swift; path = CreateTaskViewController.swift; sourceTree = "<group>"; };
/* End PBXFileReference section */

/* Begin PBXFrameworksBuildPhase section */
		15D647E11E21C55500506C88 /* Frameworks */ = {
			isa = PBXFrameworksBuildPhase;
			buildActionMask = 2147483647;
			files = (
			);
			runOnlyForDeploymentPostprocessing = 0;
		};
/* End PBXFrameworksBuildPhase section */

/* Begin PBXGroup section */
		15D647DB1E21C55500506C88 = {
			isa = PBXGroup;
			children = (
				15D647E61E21C55500506C88 /* Doit */,
				15D647E51E21C55500506C88 /* Products */,
			);
			sourceTree = "<group>";
		};
		15D647E51E21C55500506C88 /* Products */ = {
			isa = PBXGroup;
			children = (
				15D647E41E21C55500506C88 /* Doit.app */,
			);
			name = Products;
			sourceTree = "<group>";
		};
		15D647E61E21C55500506C88 /* Doit */ = {
			isa = PBXGroup;
			children = (
				15D647E71E21C55500506C88 /* AppDelegate.swift */,
				15D647E91E21C55500506C88 /* TasksViewController.swift */,
				15D647EB1E21C55500506C88 /* Main.storyboard */,
				15D647FE1E229BF100506C88 /* CreateTaskViewController.swift */,
				15D647FC1E21CA0600506C88 /* Task.swift */,
				15D647F11E21C55500506C88 /* Assets.xcassets */,
				15D647F31E21C55500506C88 /* LaunchScreen.storyboard */,
				15D647F61E21C55500506C88 /* Info.plist */,
				15D647EE1E21C55500506C88 /* Doit.xcdatamodeld */,
			);
			path = Doit;
			sourceTree = "<group>";
		};
/* End PBXGroup section */

/* Begin PBXNativeTarget section */
		15D647E31E21C55500506C88 /* Doit */ = {
			isa = PBXNativeTarget;
			buildConfigurationList = 15D647F91E21C55500506C88 /* Build configuration list for PBXNativeTarget "Doit" */;
			buildPhases = (
				15D647E01E21C55500506C88 /* Sources */,
				15D647E11E21C55500506C88 /* Frameworks */,
				15D647E21E21C55500506C88 /* Resources */,
			);
			buildRules = (
			);
			dependencies = (
			);
			name = Doit;
			productName = Doit;
			productReference = 15D647E41E21C55500506C88 /* Doit.app */;
			productType = "com.apple.product-type.application";
		};
/* End PBXNativeTarget section */

/* Begin PBXProject section */
		15D647DC1E21C55500506C88 /* Project object */ = {
			isa = PBXProject;
			attributes = {
				LastSwiftUpdateCheck = 0820;
				LastUpgradeCheck = 0820;
				ORGANIZATIONNAME = "Blair Reid";
				TargetAttributes = {
					15D647E31E21C55500506C88 = {
						CreatedOnToolsVersion = 8.2.1;
						ProvisioningStyle = Automatic;
					};
				};
			};
			buildConfigurationList = 15D647DF1E21C55500506C88 /* Build configuration list for PBXProject "Doit" */;
			compatibilityVersion = "Xcode 3.2";
			developmentRegion = English;
			hasScannedForEncodings = 0;
			knownRegions = (
				en,
				Base,
			);
			mainGroup = 15D647DB1E21C55500506C88;
			productRefGroup = 15D647E51E21C55500506C88 /* Products */;
			projectDirPath = "";
			projectRoot = "";
			targets = (
				15D647E31E21C55500506C88 /* Doit */,
			);
		};
/* End PBXProject section */

/* Begin PBXResourcesBuildPhase section */
		15D647E21E21C55500506C88 /* Resources */ = {
			isa = PBXResourcesBuildPhase;
			buildActionMask = 2147483647;
			files = (
				15D647F51E21C55500506C88 /* LaunchScreen.storyboard in Resources */,
				15D647F21E21C55500506C88 /* Assets.xcassets in Resources */,
				15D647ED1E21C55500506C88 /* Main.storyboard in Resources */,
			);
			runOnlyForDeploymentPostprocessing = 0;
		};
/* End PBXResourcesBuildPhase section */

/* Begin PBXSourcesBuildPhase section */
		15D647E01E21C55500506C88 /* Sources */ = {
			isa = PBXSourcesBuildPhase;
			buildActionMask = 2147483647;
			files = (
				15D647FD1E21CA0600506C88 /* Task.swift in Sources */,
				15D647EA1E21C55500506C88 /* TasksViewController.swift in Sources */,
				15D647E81E21C55500506C88 /* AppDelegate.swift in Sources */,
				15D647F01E21C55500506C88 /* Doit.xcdatamodeld in Sources */,
				15D647FF1E229BF100506C88 /* CreateTaskViewController.swift in Sources */,
			);
			runOnlyForDeploymentPostprocessing = 0;
		};
/* End PBXSourcesBuildPhase section */

/* Begin PBXVariantGroup section */
		15D647EB1E21C55500506C88 /* Main.storyboard */ = {
			isa = PBXVariantGroup;
			children = (
				15D647EC1E21C55500506C88 /* Base */,
			);
			name = Main.storyboard;
			sourceTree = "<group>";
		};
		15D647F31E21C55500506C88 /* LaunchScreen.storyboard */ = {
			isa = PBXVariantGroup;
			children = (
				15D647F41E21C55500506C88 /* Base */,
			);
			name = LaunchScreen.storyboard;
			sourceTree = "<group>";
		};
/* End PBXVariantGroup section */

/* Begin XCBuildConfiguration section */
		15D647F71E21C55500506C88 /* Debug */ = {
			isa = XCBuildConfiguration;
			buildSettings = {
				ALWAYS_SEARCH_USER_PATHS = NO;
				CLANG_ANALYZER_NONNULL = YES;
				CLANG_CXX_LANGUAGE_STANDARD = "gnu++0x";
				CLANG_CXX_LIBRARY = "libc++";
				CLANG_ENABLE_MODULES = YES;
				CLANG_ENABLE_OBJC_ARC = YES;
				CLANG_WARN_BOOL_CONVERSION = YES;
				CLANG_WARN_CONSTANT_CONVERSION = YES;
				CLANG_WARN_DIRECT_OBJC_ISA_USAGE = YES_ERROR;
				CLANG_WARN_DOCUMENTATION_COMMENTS = YES;
				CLANG_WARN_EMPTY_BODY = YES;
				CLANG_WARN_ENUM_CONVERSION = YES;
				CLANG_WARN_INFINITE_RECURSION = YES;
				CLANG_WARN_INT_CONVERSION = YES;
				CLANG_WARN_OBJC_ROOT_CLASS = YES_ERROR;
				CLANG_WARN_SUSPICIOUS_MOVE = YES;
				CLANG_WARN_UNREACHABLE_CODE = YES;
				CLANG_WARN__DUPLICATE_METHOD_MATCH = YES;
				"CODE_SIGN_IDENTITY[sdk=iphoneos*]" = "iPhone Developer";
				COPY_PHASE_STRIP = NO;
				DEBUG_INFORMATION_FORMAT = dwarf;
				ENABLE_STRICT_OBJC_MSGSEND = YES;
				ENABLE_TESTABILITY = YES;
				GCC_C_LANGUAGE_STANDARD = gnu99;
				GCC_DYNAMIC_NO_PIC = NO;
				GCC_NO_COMMON_BLOCKS = YES;
				GCC_OPTIMIZATION_LEVEL = 0;
				GCC_PREPROCESSOR_DEFINITIONS = (
					"DEBUG=1",
					"$(inherited)",
				);
				GCC_WARN_64_TO_32_BIT_CONVERSION = YES;
				GCC_WARN_ABOUT_RETURN_TYPE = YES_ERROR;
				GCC_WARN_UNDECLARED_SELECTOR = YES;
				GCC_WARN_UNINITIALIZED_AUTOS = YES_AGGRESSIVE;
				GCC_WARN_UNUSED_FUNCTION = YES;
				GCC_WARN_UNUSED_VARIABLE = YES;
				IPHONEOS_DEPLOYMENT_TARGET = 10.2;
				MTL_ENABLE_DEBUG_INFO = YES;
				ONLY_ACTIVE_ARCH = YES;
				SDKROOT = iphoneos;
				SWIFT_ACTIVE_COMPILATION_CONDITIONS = DEBUG;
				SWIFT_OPTIMIZATION_LEVEL = "-Onone";
				TARGETED_DEVICE_FAMILY = "1,2";
			};
			name = Debug;
		};
		15D647F81E21C55500506C88 /* Release */ = {
			isa = XCBuildConfiguration;
			buildSettings = {
				ALWAYS_SEARCH_USER_PATHS = NO;
				CLANG_ANALYZER_NONNULL = YES;
				CLANG_CXX_LANGUAGE_STANDARD = "gnu++0x";
				CLANG_CXX_LIBRARY = "libc++";
				CLANG_ENABLE_MODULES = YES;
				CLANG_ENABLE_OBJC_ARC = YES;
				CLANG_WARN_BOOL_CONVERSION = YES;
				CLANG_WARN_CONSTANT_CONVERSION = YES;
				CLANG_WARN_DIRECT_OBJC_ISA_USAGE = YES_ERROR;
				CLANG_WARN_DOCUMENTATION_COMMENTS = YES;
				CLANG_WARN_EMPTY_BODY = YES;
				CLANG_WARN_ENUM_CONVERSION = YES;
				CLANG_WARN_INFINITE_RECURSION = YES;
				CLANG_WARN_INT_CONVERSION = YES;
				CLANG_WARN_OBJC_ROOT_CLASS = YES_ERROR;
				CLANG_WARN_SUSPICIOUS_MOVE = YES;
				CLANG_WARN_UNREACHABLE_CODE = YES;
				CLANG_WARN__DUPLICATE_METHOD_MATCH = YES;
				"CODE_SIGN_IDENTITY[sdk=iphoneos*]" = "iPhone Developer";
				COPY_PHASE_STRIP = NO;
				DEBUG_INFORMATION_FORMAT = "dwarf-with-dsym";
				ENABLE_NS_ASSERTIONS = NO;
				ENABLE_STRICT_OBJC_MSGSEND = YES;
				GCC_C_LANGUAGE_STANDARD = gnu99;
				GCC_NO_COMMON_BLOCKS = YES;
				GCC_WARN_64_TO_32_BIT_CONVERSION = YES;
				GCC_WARN_ABOUT_RETURN_TYPE = YES_ERROR;
				GCC_WARN_UNDECLARED_SELECTOR = YES;
				GCC_WARN_UNINITIALIZED_AUTOS = YES_AGGRESSIVE;
				GCC_WARN_UNUSED_FUNCTION = YES;
				GCC_WARN_UNUSED_VARIABLE = YES;
				IPHONEOS_DEPLOYMENT_TARGET = 10.2;
				MTL_ENABLE_DEBUG_INFO = NO;
				SDKROOT = iphoneos;
				SWIFT_OPTIMIZATION_LEVEL = "-Owholemodule";
				TARGETED_DEVICE_FAMILY = "1,2";
				VALIDATE_PRODUCT = YES;
			};
			name = Release;
		};
		15D647FA1E21C55500506C88 /* Debug */ = {
			isa = XCBuildConfiguration;
			buildSettings = {
				ASSETCATALOG_COMPILER_APPICON_NAME = AppIcon;
				INFOPLIST_FILE = Doit/Info.plist;
				LD_RUNPATH_SEARCH_PATHS = "$(inherited) @executable_path/Frameworks";
				PRODUCT_BUNDLE_IDENTIFIER = com.BAR.Doit;
				PRODUCT_NAME = "$(TARGET_NAME)";
				SWIFT_VERSION = 3.0;
			};
			name = Debug;
		};
		15D647FB1E21C55500506C88 /* Release */ = {
			isa = XCBuildConfiguration;
			buildSettings = {
				ASSETCATALOG_COMPILER_APPICON_NAME = AppIcon;
				INFOPLIST_FILE = Doit/Info.plist;
				LD_RUNPATH_SEARCH_PATHS = "$(inherited) @executable_path/Frameworks";
				PRODUCT_BUNDLE_IDENTIFIER = com.BAR.Doit;
				PRODUCT_NAME = "$(TARGET_NAME)";
				SWIFT_VERSION = 3.0;
			};
			name = Release;
		};
/* End XCBuildConfiguration section */

/* Begin XCConfigurationList section */
		15D647DF1E21C55500506C88 /* Build configuration list for PBXProject "Doit" */ = {
			isa = XCConfigurationList;
			buildConfigurations = (
				15D647F71E21C55500506C88 /* Debug */,
				15D647F81E21C55500506C88 /* Release */,
			);
			defaultConfigurationIsVisible = 0;
			defaultConfigurationName = Release;
		};
		15D647F91E21C55500506C88 /* Build configuration list for PBXNativeTarget "Doit" */ = {
			isa = XCConfigurationList;
			buildConfigurations = (
				15D647FA1E21C55500506C88 /* Debug */,
				15D647FB1E21C55500506C88 /* Release */,
			);
			defaultConfigurationIsVisible = 0;
			defaultConfigurationName = Release;
		};
/* End XCConfigurationList section */

/* Begin XCVersionGroup section */
		15D647EE1E21C55500506C88 /* Doit.xcdatamodeld */ = {
			isa = XCVersionGroup;
			children = (
				15D647EF1E21C55500506C88 /* Doit.xcdatamodel */,
			);
			currentVersion = 15D647EF1E21C55500506C88 /* Doit.xcdatamodel */;
			path = Doit.xcdatamodeld;
			sourceTree = "<group>";
			versionGroupType = wrapper.xcdatamodel;
		};
/* End XCVersionGroup section */
	};
	rootObject = 15D647DC1E21C55500506C88 /* Project object */;
}
